// !$*UTF8*$!
{
	archiveVersion = 1;
	classes = {
	};
	objectVersion = 56;
	objects = {

/* Begin PBXBuildFile section */
		32D6EAAC3E57E955651273A7 /* Pods_VideoSubtittle.framework in Frameworks */ = {isa = PBXBuildFile; fileRef = 23FF913A21312F32565673E9 /* Pods_VideoSubtittle.framework */; };
		3CFDB7D82AA5C89F00203B63 /* AppDelegate.swift in Sources */ = {isa = PBXBuildFile; fileRef = 3CFDB7D72AA5C89F00203B63 /* AppDelegate.swift */; };
		3CFDB7DA2AA5C89F00203B63 /* SceneDelegate.swift in Sources */ = {isa = PBXBuildFile; fileRef = 3CFDB7D92AA5C89F00203B63 /* SceneDelegate.swift */; };
		3CFDB7DC2AA5C89F00203B63 /* ViewController.swift in Sources */ = {isa = PBXBuildFile; fileRef = 3CFDB7DB2AA5C89F00203B63 /* ViewController.swift */; };
		3CFDB7E12AA5C8A100203B63 /* Assets.xcassets in Resources */ = {isa = PBXBuildFile; fileRef = 3CFDB7E02AA5C8A100203B63 /* Assets.xcassets */; };
		3CFDB7E42AA5C8A100203B63 /* LaunchScreen.storyboard in Resources */ = {isa = PBXBuildFile; fileRef = 3CFDB7E22AA5C8A100203B63 /* LaunchScreen.storyboard */; };
		3CFDB7EE2AA5CF3100203B63 /* trailer_720p.mov in Resources */ = {isa = PBXBuildFile; fileRef = 3CFDB7EC2AA5CF3000203B63 /* trailer_720p.mov */; };
		3CFDB7EF2AA5CF3100203B63 /* trailer_720p.srt in Resources */ = {isa = PBXBuildFile; fileRef = 3CFDB7ED2AA5CF3000203B63 /* trailer_720p.srt */; };
		3CFDB7F32AA6C86900203B63 /* VideoPlayerViewController.swift in Sources */ = {isa = PBXBuildFile; fileRef = 3CFDB7F12AA6C86900203B63 /* VideoPlayerViewController.swift */; };
		3CFDB7F42AA6C86900203B63 /* VideoPlayerViewController.xib in Resources */ = {isa = PBXBuildFile; fileRef = 3CFDB7F22AA6C86900203B63 /* VideoPlayerViewController.xib */; };
		3CFDB7FD2AA700BC00203B63 /* HomeViewController.swift in Sources */ = {isa = PBXBuildFile; fileRef = 3CFDB7FB2AA700BC00203B63 /* HomeViewController.swift */; };
		3CFDB7FE2AA700BC00203B63 /* HomeViewController.xib in Resources */ = {isa = PBXBuildFile; fileRef = 3CFDB7FC2AA700BC00203B63 /* HomeViewController.xib */; };
		3CFDB8062AA706E800203B63 /* CustomVolumeView.swift in Sources */ = {isa = PBXBuildFile; fileRef = 3CFDB8052AA706E800203B63 /* CustomVolumeView.swift */; };
		3CFDB8092AA70C6700203B63 /* PlayBackView.swift in Sources */ = {isa = PBXBuildFile; fileRef = 3CFDB8082AA70C6700203B63 /* PlayBackView.swift */; };
		3CFDB80B2AA70C7800203B63 /* PlayBackView.xib in Resources */ = {isa = PBXBuildFile; fileRef = 3CFDB80A2AA70C7800203B63 /* PlayBackView.xib */; };
		3CFDB80E2AA711EB00203B63 /* UIView+Extensions.swift in Sources */ = {isa = PBXBuildFile; fileRef = 3CFDB80D2AA711EB00203B63 /* UIView+Extensions.swift */; };
		3CFDB8102AA713A000203B63 /* CMTime+Extensions.swift in Sources */ = {isa = PBXBuildFile; fileRef = 3CFDB80F2AA713A000203B63 /* CMTime+Extensions.swift */; };
		3CFDB8122AA7191900203B63 /* AVPlayer+Extensions.swift in Sources */ = {isa = PBXBuildFile; fileRef = 3CFDB8112AA7191900203B63 /* AVPlayer+Extensions.swift */; };
		3CFDB8152AA71D0000203B63 /* CustomVideoPlayerView.swift in Sources */ = {isa = PBXBuildFile; fileRef = 3CFDB8142AA71D0000203B63 /* CustomVideoPlayerView.swift */; };
		3CFDB8172AA71D1000203B63 /* CustomVideoPlayerView.xib in Resources */ = {isa = PBXBuildFile; fileRef = 3CFDB8162AA71D1000203B63 /* CustomVideoPlayerView.xib */; };
		3CFDB81B2AA7314300203B63 /* CommentViewController.swift in Sources */ = {isa = PBXBuildFile; fileRef = 3CFDB8192AA7314300203B63 /* CommentViewController.swift */; };
		3CFDB81C2AA7314300203B63 /* CommentViewController.xib in Resources */ = {isa = PBXBuildFile; fileRef = 3CFDB81A2AA7314300203B63 /* CommentViewController.xib */; };
		3CFDB8202AA8238100203B63 /* CommentTableViewCell.swift in Sources */ = {isa = PBXBuildFile; fileRef = 3CFDB81E2AA8238100203B63 /* CommentTableViewCell.swift */; };
		3CFDB8212AA8238100203B63 /* CommentTableViewCell.xib in Resources */ = {isa = PBXBuildFile; fileRef = 3CFDB81F2AA8238100203B63 /* CommentTableViewCell.xib */; };
		703F8EE72AA969C70026E80B /* BaseViewController.swift in Sources */ = {isa = PBXBuildFile; fileRef = 703F8EE62AA969C70026E80B /* BaseViewController.swift */; };
		703F8EE92AA98CDB0026E80B /* UIApplication+Extensions.swift in Sources */ = {isa = PBXBuildFile; fileRef = 703F8EE82AA98CDB0026E80B /* UIApplication+Extensions.swift */; };
		703F8EEB2AAAD9330026E80B /* AVPlayerViewController+Extensions.swift in Sources */ = {isa = PBXBuildFile; fileRef = 703F8EEA2AAAD9330026E80B /* AVPlayerViewController+Extensions.swift */; };
		70C5AE602AAEAF0000708C72 /* CenterPlayBackView.swift in Sources */ = {isa = PBXBuildFile; fileRef = 70C5AE5F2AAEAF0000708C72 /* CenterPlayBackView.swift */; };
		70C5AE622AAEAF1100708C72 /* CenterPlayBackView.xib in Resources */ = {isa = PBXBuildFile; fileRef = 70C5AE612AAEAF1100708C72 /* CenterPlayBackView.xib */; };
		70C5AE652AB00D5D00708C72 /* Subtitles.swift in Sources */ = {isa = PBXBuildFile; fileRef = 70C5AE642AB00D5D00708C72 /* Subtitles.swift */; };
/* End PBXBuildFile section */

/* Begin PBXFileReference section */
		01645D650499884811F2BED1 /* Pods-VideoSubtittle.release.xcconfig */ = {isa = PBXFileReference; includeInIndex = 1; lastKnownFileType = text.xcconfig; name = "Pods-VideoSubtittle.release.xcconfig"; path = "Target Support Files/Pods-VideoSubtittle/Pods-VideoSubtittle.release.xcconfig"; sourceTree = "<group>"; };
		23FF913A21312F32565673E9 /* Pods_VideoSubtittle.framework */ = {isa = PBXFileReference; explicitFileType = wrapper.framework; includeInIndex = 0; path = Pods_VideoSubtittle.framework; sourceTree = BUILT_PRODUCTS_DIR; };
		3CFDB7D42AA5C89F00203B63 /* VideoSubtittle.app */ = {isa = PBXFileReference; explicitFileType = wrapper.application; includeInIndex = 0; path = VideoSubtittle.app; sourceTree = BUILT_PRODUCTS_DIR; };
		3CFDB7D72AA5C89F00203B63 /* AppDelegate.swift */ = {isa = PBXFileReference; lastKnownFileType = sourcecode.swift; path = AppDelegate.swift; sourceTree = "<group>"; };
		3CFDB7D92AA5C89F00203B63 /* SceneDelegate.swift */ = {isa = PBXFileReference; lastKnownFileType = sourcecode.swift; path = SceneDelegate.swift; sourceTree = "<group>"; };
		3CFDB7DB2AA5C89F00203B63 /* ViewController.swift */ = {isa = PBXFileReference; lastKnownFileType = sourcecode.swift; path = ViewController.swift; sourceTree = "<group>"; };
		3CFDB7E02AA5C8A100203B63 /* Assets.xcassets */ = {isa = PBXFileReference; lastKnownFileType = folder.assetcatalog; path = Assets.xcassets; sourceTree = "<group>"; };
		3CFDB7E32AA5C8A100203B63 /* Base */ = {isa = PBXFileReference; lastKnownFileType = file.storyboard; name = Base; path = Base.lproj/LaunchScreen.storyboard; sourceTree = "<group>"; };
		3CFDB7E52AA5C8A100203B63 /* Info.plist */ = {isa = PBXFileReference; lastKnownFileType = text.plist.xml; path = Info.plist; sourceTree = "<group>"; };
		3CFDB7EC2AA5CF3000203B63 /* trailer_720p.mov */ = {isa = PBXFileReference; lastKnownFileType = video.quicktime; path = trailer_720p.mov; sourceTree = "<group>"; };
		3CFDB7ED2AA5CF3000203B63 /* trailer_720p.srt */ = {isa = PBXFileReference; fileEncoding = 4; lastKnownFileType = text; path = trailer_720p.srt; sourceTree = "<group>"; };
		3CFDB7F12AA6C86900203B63 /* VideoPlayerViewController.swift */ = {isa = PBXFileReference; lastKnownFileType = sourcecode.swift; path = VideoPlayerViewController.swift; sourceTree = "<group>"; };
		3CFDB7F22AA6C86900203B63 /* VideoPlayerViewController.xib */ = {isa = PBXFileReference; lastKnownFileType = file.xib; path = VideoPlayerViewController.xib; sourceTree = "<group>"; };
		3CFDB7FB2AA700BC00203B63 /* HomeViewController.swift */ = {isa = PBXFileReference; lastKnownFileType = sourcecode.swift; path = HomeViewController.swift; sourceTree = "<group>"; };
		3CFDB7FC2AA700BC00203B63 /* HomeViewController.xib */ = {isa = PBXFileReference; lastKnownFileType = file.xib; path = HomeViewController.xib; sourceTree = "<group>"; };
		3CFDB8052AA706E800203B63 /* CustomVolumeView.swift */ = {isa = PBXFileReference; lastKnownFileType = sourcecode.swift; path = CustomVolumeView.swift; sourceTree = "<group>"; };
		3CFDB8082AA70C6700203B63 /* PlayBackView.swift */ = {isa = PBXFileReference; lastKnownFileType = sourcecode.swift; path = PlayBackView.swift; sourceTree = "<group>"; };
		3CFDB80A2AA70C7800203B63 /* PlayBackView.xib */ = {isa = PBXFileReference; lastKnownFileType = file.xib; path = PlayBackView.xib; sourceTree = "<group>"; };
		3CFDB80D2AA711EB00203B63 /* UIView+Extensions.swift */ = {isa = PBXFileReference; lastKnownFileType = sourcecode.swift; path = "UIView+Extensions.swift"; sourceTree = "<group>"; };
		3CFDB80F2AA713A000203B63 /* CMTime+Extensions.swift */ = {isa = PBXFileReference; lastKnownFileType = sourcecode.swift; path = "CMTime+Extensions.swift"; sourceTree = "<group>"; };
		3CFDB8112AA7191900203B63 /* AVPlayer+Extensions.swift */ = {isa = PBXFileReference; lastKnownFileType = sourcecode.swift; path = "AVPlayer+Extensions.swift"; sourceTree = "<group>"; };
		3CFDB8142AA71D0000203B63 /* CustomVideoPlayerView.swift */ = {isa = PBXFileReference; lastKnownFileType = sourcecode.swift; path = CustomVideoPlayerView.swift; sourceTree = "<group>"; };
		3CFDB8162AA71D1000203B63 /* CustomVideoPlayerView.xib */ = {isa = PBXFileReference; lastKnownFileType = file.xib; path = CustomVideoPlayerView.xib; sourceTree = "<group>"; };
		3CFDB8192AA7314300203B63 /* CommentViewController.swift */ = {isa = PBXFileReference; lastKnownFileType = sourcecode.swift; path = CommentViewController.swift; sourceTree = "<group>"; };
		3CFDB81A2AA7314300203B63 /* CommentViewController.xib */ = {isa = PBXFileReference; lastKnownFileType = file.xib; path = CommentViewController.xib; sourceTree = "<group>"; };
		3CFDB81E2AA8238100203B63 /* CommentTableViewCell.swift */ = {isa = PBXFileReference; lastKnownFileType = sourcecode.swift; path = CommentTableViewCell.swift; sourceTree = "<group>"; };
		3CFDB81F2AA8238100203B63 /* CommentTableViewCell.xib */ = {isa = PBXFileReference; lastKnownFileType = file.xib; path = CommentTableViewCell.xib; sourceTree = "<group>"; };
		703F8EE62AA969C70026E80B /* BaseViewController.swift */ = {isa = PBXFileReference; lastKnownFileType = sourcecode.swift; path = BaseViewController.swift; sourceTree = "<group>"; };
		703F8EE82AA98CDB0026E80B /* UIApplication+Extensions.swift */ = {isa = PBXFileReference; lastKnownFileType = sourcecode.swift; path = "UIApplication+Extensions.swift"; sourceTree = "<group>"; };
		703F8EEA2AAAD9330026E80B /* AVPlayerViewController+Extensions.swift */ = {isa = PBXFileReference; lastKnownFileType = sourcecode.swift; path = "AVPlayerViewController+Extensions.swift"; sourceTree = "<group>"; };
		70C5AE5F2AAEAF0000708C72 /* CenterPlayBackView.swift */ = {isa = PBXFileReference; lastKnownFileType = sourcecode.swift; path = CenterPlayBackView.swift; sourceTree = "<group>"; };
		70C5AE612AAEAF1100708C72 /* CenterPlayBackView.xib */ = {isa = PBXFileReference; lastKnownFileType = file.xib; path = CenterPlayBackView.xib; sourceTree = "<group>"; };
		70C5AE642AB00D5D00708C72 /* Subtitles.swift */ = {isa = PBXFileReference; lastKnownFileType = sourcecode.swift; path = Subtitles.swift; sourceTree = "<group>"; };
		99ADD2F15F918B13789BCB41 /* Pods-VideoSubtittle.debug.xcconfig */ = {isa = PBXFileReference; includeInIndex = 1; lastKnownFileType = text.xcconfig; name = "Pods-VideoSubtittle.debug.xcconfig"; path = "Target Support Files/Pods-VideoSubtittle/Pods-VideoSubtittle.debug.xcconfig"; sourceTree = "<group>"; };
/* End PBXFileReference section */

/* Begin PBXFrameworksBuildPhase section */
		3CFDB7D12AA5C89F00203B63 /* Frameworks */ = {
			isa = PBXFrameworksBuildPhase;
			buildActionMask = 2147483647;
			files = (
				32D6EAAC3E57E955651273A7 /* Pods_VideoSubtittle.framework in Frameworks */,
			);
			runOnlyForDeploymentPostprocessing = 0;
		};
/* End PBXFrameworksBuildPhase section */

/* Begin PBXGroup section */
		1C01005BFC0E0AF8A4F22191 /* Pods */ = {
			isa = PBXGroup;
			children = (
				99ADD2F15F918B13789BCB41 /* Pods-VideoSubtittle.debug.xcconfig */,
				01645D650499884811F2BED1 /* Pods-VideoSubtittle.release.xcconfig */,
			);
			path = Pods;
			sourceTree = "<group>";
		};
		3CFDB7CB2AA5C89F00203B63 = {
			isa = PBXGroup;
			children = (
				3CFDB7D62AA5C89F00203B63 /* VideoSubtittle */,
				3CFDB7D52AA5C89F00203B63 /* Products */,
				1C01005BFC0E0AF8A4F22191 /* Pods */,
				A31AE0B056846CECD936336C /* Frameworks */,
			);
			sourceTree = "<group>";
		};
		3CFDB7D52AA5C89F00203B63 /* Products */ = {
			isa = PBXGroup;
			children = (
				3CFDB7D42AA5C89F00203B63 /* VideoSubtittle.app */,
			);
			name = Products;
			sourceTree = "<group>";
		};
		3CFDB7D62AA5C89F00203B63 /* VideoSubtittle */ = {
			isa = PBXGroup;
			children = (
				3CFDB80C2AA711D500203B63 /* Utilities */,
				3CFDB7FA2AA700A000203B63 /* Home */,
				3CFDB7FF2AA703ED00203B63 /* CustomVideoPlayer */,
				3CFDB7F02AA6C84A00203B63 /* VideoPlayer */,
				3CFDB8182AA7310D00203B63 /* Comment */,
				3CFDB7EB2AA5CF0400203B63 /* Resources */,
				3CFDB7D72AA5C89F00203B63 /* AppDelegate.swift */,
				3CFDB7D92AA5C89F00203B63 /* SceneDelegate.swift */,
				3CFDB7DB2AA5C89F00203B63 /* ViewController.swift */,
				3CFDB7E02AA5C8A100203B63 /* Assets.xcassets */,
				3CFDB7E22AA5C8A100203B63 /* LaunchScreen.storyboard */,
				3CFDB7E52AA5C8A100203B63 /* Info.plist */,
				703F8EE62AA969C70026E80B /* BaseViewController.swift */,
			);
			path = VideoSubtittle;
			sourceTree = "<group>";
		};
		3CFDB7EB2AA5CF0400203B63 /* Resources */ = {
			isa = PBXGroup;
			children = (
				3CFDB7EC2AA5CF3000203B63 /* trailer_720p.mov */,
				3CFDB7ED2AA5CF3000203B63 /* trailer_720p.srt */,
			);
			path = Resources;
			sourceTree = "<group>";
		};
		3CFDB7F02AA6C84A00203B63 /* VideoPlayer */ = {
			isa = PBXGroup;
			children = (
				3CFDB7F12AA6C86900203B63 /* VideoPlayerViewController.swift */,
				3CFDB7F22AA6C86900203B63 /* VideoPlayerViewController.xib */,
			);
			path = VideoPlayer;
			sourceTree = "<group>";
		};
		3CFDB7FA2AA700A000203B63 /* Home */ = {
			isa = PBXGroup;
			children = (
				3CFDB7FB2AA700BC00203B63 /* HomeViewController.swift */,
				3CFDB7FC2AA700BC00203B63 /* HomeViewController.xib */,
			);
			path = Home;
			sourceTree = "<group>";
		};
		3CFDB7FF2AA703ED00203B63 /* CustomVideoPlayer */ = {
			isa = PBXGroup;
			children = (
				3CFDB8132AA71CA900203B63 /* CustomVideoPlayer */,
				3CFDB8072AA70C4500203B63 /* PlayBackView */,
				70C5AE5E2AAEAEB100708C72 /* CenterPlayBackView */,
				3CFDB8042AA706A800203B63 /* VolumeView */,
			);
			path = CustomVideoPlayer;
			sourceTree = "<group>";
		};
		3CFDB8042AA706A800203B63 /* VolumeView */ = {
			isa = PBXGroup;
			children = (
				3CFDB8052AA706E800203B63 /* CustomVolumeView.swift */,
			);
			path = VolumeView;
			sourceTree = "<group>";
		};
		3CFDB8072AA70C4500203B63 /* PlayBackView */ = {
			isa = PBXGroup;
			children = (
				3CFDB8082AA70C6700203B63 /* PlayBackView.swift */,
				3CFDB80A2AA70C7800203B63 /* PlayBackView.xib */,
			);
			path = PlayBackView;
			sourceTree = "<group>";
		};
		3CFDB80C2AA711D500203B63 /* Utilities */ = {
			isa = PBXGroup;
			children = (
				70C5AE632AB00D2D00708C72 /* Subttittle */,
				3CFDB80D2AA711EB00203B63 /* UIView+Extensions.swift */,
				3CFDB80F2AA713A000203B63 /* CMTime+Extensions.swift */,
				3CFDB8112AA7191900203B63 /* AVPlayer+Extensions.swift */,
				703F8EE82AA98CDB0026E80B /* UIApplication+Extensions.swift */,
				703F8EEA2AAAD9330026E80B /* AVPlayerViewController+Extensions.swift */,
			);
			path = Utilities;
			sourceTree = "<group>";
		};
		3CFDB8132AA71CA900203B63 /* CustomVideoPlayer */ = {
			isa = PBXGroup;
			children = (
				3CFDB8142AA71D0000203B63 /* CustomVideoPlayerView.swift */,
				3CFDB8162AA71D1000203B63 /* CustomVideoPlayerView.xib */,
			);
			path = CustomVideoPlayer;
			sourceTree = "<group>";
		};
		3CFDB8182AA7310D00203B63 /* Comment */ = {
			isa = PBXGroup;
			children = (
				3CFDB81D2AA8235E00203B63 /* CommentTableViewCell */,
				3CFDB8192AA7314300203B63 /* CommentViewController.swift */,
				3CFDB81A2AA7314300203B63 /* CommentViewController.xib */,
			);
			path = Comment;
			sourceTree = "<group>";
		};
		3CFDB81D2AA8235E00203B63 /* CommentTableViewCell */ = {
			isa = PBXGroup;
			children = (
				3CFDB81E2AA8238100203B63 /* CommentTableViewCell.swift */,
				3CFDB81F2AA8238100203B63 /* CommentTableViewCell.xib */,
			);
			path = CommentTableViewCell;
			sourceTree = "<group>";
		};
		70C5AE5E2AAEAEB100708C72 /* CenterPlayBackView */ = {
			isa = PBXGroup;
			children = (
				70C5AE5F2AAEAF0000708C72 /* CenterPlayBackView.swift */,
				70C5AE612AAEAF1100708C72 /* CenterPlayBackView.xib */,
			);
			path = CenterPlayBackView;
			sourceTree = "<group>";
		};
		70C5AE632AB00D2D00708C72 /* Subttittle */ = {
			isa = PBXGroup;
			children = (
				70C5AE642AB00D5D00708C72 /* Subtitles.swift */,
			);
			path = Subttittle;
			sourceTree = "<group>";
		};
		A31AE0B056846CECD936336C /* Frameworks */ = {
			isa = PBXGroup;
			children = (
				23FF913A21312F32565673E9 /* Pods_VideoSubtittle.framework */,
			);
			name = Frameworks;
			sourceTree = "<group>";
		};
/* End PBXGroup section */

/* Begin PBXNativeTarget section */
		3CFDB7D32AA5C89F00203B63 /* VideoSubtittle */ = {
			isa = PBXNativeTarget;
			buildConfigurationList = 3CFDB7E82AA5C8A100203B63 /* Build configuration list for PBXNativeTarget "VideoSubtittle" */;
			buildPhases = (
				A2A8038483CE0A4888B43991 /* [CP] Check Pods Manifest.lock */,
				3CFDB7D02AA5C89F00203B63 /* Sources */,
				3CFDB7D12AA5C89F00203B63 /* Frameworks */,
				3CFDB7D22AA5C89F00203B63 /* Resources */,
				01969A51787D48B3CFA26E59 /* [CP] Embed Pods Frameworks */,
			);
			buildRules = (
			);
			dependencies = (
			);
			name = VideoSubtittle;
			productName = VideoSubtittle;
			productReference = 3CFDB7D42AA5C89F00203B63 /* VideoSubtittle.app */;
			productType = "com.apple.product-type.application";
		};
/* End PBXNativeTarget section */

/* Begin PBXProject section */
		3CFDB7CC2AA5C89F00203B63 /* Project object */ = {
			isa = PBXProject;
			attributes = {
				BuildIndependentTargetsInParallel = 1;
				LastSwiftUpdateCheck = 1420;
				LastUpgradeCheck = 1420;
				TargetAttributes = {
					3CFDB7D32AA5C89F00203B63 = {
						CreatedOnToolsVersion = 14.2;
					};
				};
			};
			buildConfigurationList = 3CFDB7CF2AA5C89F00203B63 /* Build configuration list for PBXProject "VideoSubtittle" */;
			compatibilityVersion = "Xcode 14.0";
			developmentRegion = en;
			hasScannedForEncodings = 0;
			knownRegions = (
				en,
				Base,
			);
			mainGroup = 3CFDB7CB2AA5C89F00203B63;
			productRefGroup = 3CFDB7D52AA5C89F00203B63 /* Products */;
			projectDirPath = "";
			projectRoot = "";
			targets = (
				3CFDB7D32AA5C89F00203B63 /* VideoSubtittle */,
			);
		};
/* End PBXProject section */

/* Begin PBXResourcesBuildPhase section */
		3CFDB7D22AA5C89F00203B63 /* Resources */ = {
			isa = PBXResourcesBuildPhase;
			buildActionMask = 2147483647;
			files = (
				3CFDB7EF2AA5CF3100203B63 /* trailer_720p.srt in Resources */,
				3CFDB8172AA71D1000203B63 /* CustomVideoPlayerView.xib in Resources */,
				3CFDB81C2AA7314300203B63 /* CommentViewController.xib in Resources */,
				3CFDB7F42AA6C86900203B63 /* VideoPlayerViewController.xib in Resources */,
				3CFDB7E42AA5C8A100203B63 /* LaunchScreen.storyboard in Resources */,
				3CFDB80B2AA70C7800203B63 /* PlayBackView.xib in Resources */,
				3CFDB7E12AA5C8A100203B63 /* Assets.xcassets in Resources */,
				3CFDB7EE2AA5CF3100203B63 /* trailer_720p.mov in Resources */,
				3CFDB8212AA8238100203B63 /* CommentTableViewCell.xib in Resources */,
				3CFDB7FE2AA700BC00203B63 /* HomeViewController.xib in Resources */,
				70C5AE622AAEAF1100708C72 /* CenterPlayBackView.xib in Resources */,
			);
			runOnlyForDeploymentPostprocessing = 0;
		};
/* End PBXResourcesBuildPhase section */

/* Begin PBXShellScriptBuildPhase section */
		01969A51787D48B3CFA26E59 /* [CP] Embed Pods Frameworks */ = {
			isa = PBXShellScriptBuildPhase;
			buildActionMask = 2147483647;
			files = (
			);
			inputFileListPaths = (
				"${PODS_ROOT}/Target Support Files/Pods-VideoSubtittle/Pods-VideoSubtittle-frameworks-${CONFIGURATION}-input-files.xcfilelist",
			);
			name = "[CP] Embed Pods Frameworks";
			outputFileListPaths = (
				"${PODS_ROOT}/Target Support Files/Pods-VideoSubtittle/Pods-VideoSubtittle-frameworks-${CONFIGURATION}-output-files.xcfilelist",
			);
			runOnlyForDeploymentPostprocessing = 0;
			shellPath = /bin/sh;
			shellScript = "\"${PODS_ROOT}/Target Support Files/Pods-VideoSubtittle/Pods-VideoSubtittle-frameworks.sh\"\n";
			showEnvVarsInLog = 0;
		};
		A2A8038483CE0A4888B43991 /* [CP] Check Pods Manifest.lock */ = {
			isa = PBXShellScriptBuildPhase;
			buildActionMask = 2147483647;
			files = (
			);
			inputFileListPaths = (
			);
			inputPaths = (
				"${PODS_PODFILE_DIR_PATH}/Podfile.lock",
				"${PODS_ROOT}/Manifest.lock",
			);
			name = "[CP] Check Pods Manifest.lock";
			outputFileListPaths = (
			);
			outputPaths = (
				"$(DERIVED_FILE_DIR)/Pods-VideoSubtittle-checkManifestLockResult.txt",
			);
			runOnlyForDeploymentPostprocessing = 0;
			shellPath = /bin/sh;
			shellScript = "diff \"${PODS_PODFILE_DIR_PATH}/Podfile.lock\" \"${PODS_ROOT}/Manifest.lock\" > /dev/null\nif [ $? != 0 ] ; then\n    # print error to STDERR\n    echo \"error: The sandbox is not in sync with the Podfile.lock. Run 'pod install' or update your CocoaPods installation.\" >&2\n    exit 1\nfi\n# This output is used by Xcode 'outputs' to avoid re-running this script phase.\necho \"SUCCESS\" > \"${SCRIPT_OUTPUT_FILE_0}\"\n";
			showEnvVarsInLog = 0;
		};
/* End PBXShellScriptBuildPhase section */

/* Begin PBXSourcesBuildPhase section */
		3CFDB7D02AA5C89F00203B63 /* Sources */ = {
			isa = PBXSourcesBuildPhase;
			buildActionMask = 2147483647;
			files = (
				3CFDB81B2AA7314300203B63 /* CommentViewController.swift in Sources */,
				3CFDB7FD2AA700BC00203B63 /* HomeViewController.swift in Sources */,
				3CFDB7DC2AA5C89F00203B63 /* ViewController.swift in Sources */,
				3CFDB7F32AA6C86900203B63 /* VideoPlayerViewController.swift in Sources */,
				3CFDB80E2AA711EB00203B63 /* UIView+Extensions.swift in Sources */,
				703F8EE72AA969C70026E80B /* BaseViewController.swift in Sources */,
				70C5AE602AAEAF0000708C72 /* CenterPlayBackView.swift in Sources */,
				703F8EE92AA98CDB0026E80B /* UIApplication+Extensions.swift in Sources */,
				3CFDB8152AA71D0000203B63 /* CustomVideoPlayerView.swift in Sources */,
				70C5AE652AB00D5D00708C72 /* Subtitles.swift in Sources */,
				3CFDB7D82AA5C89F00203B63 /* AppDelegate.swift in Sources */,
				3CFDB8062AA706E800203B63 /* CustomVolumeView.swift in Sources */,
				3CFDB7DA2AA5C89F00203B63 /* SceneDelegate.swift in Sources */,
				3CFDB8102AA713A000203B63 /* CMTime+Extensions.swift in Sources */,
				3CFDB8202AA8238100203B63 /* CommentTableViewCell.swift in Sources */,
				703F8EEB2AAAD9330026E80B /* AVPlayerViewController+Extensions.swift in Sources */,
				3CFDB8092AA70C6700203B63 /* PlayBackView.swift in Sources */,
				3CFDB8122AA7191900203B63 /* AVPlayer+Extensions.swift in Sources */,
			);
			runOnlyForDeploymentPostprocessing = 0;
		};
/* End PBXSourcesBuildPhase section */

/* Begin PBXVariantGroup section */
		3CFDB7E22AA5C8A100203B63 /* LaunchScreen.storyboard */ = {
			isa = PBXVariantGroup;
			children = (
				3CFDB7E32AA5C8A100203B63 /* Base */,
			);
			name = LaunchScreen.storyboard;
			sourceTree = "<group>";
		};
/* End PBXVariantGroup section */

/* Begin XCBuildConfiguration section */
		3CFDB7E62AA5C8A100203B63 /* Debug */ = {
			isa = XCBuildConfiguration;
			buildSettings = {
				ALWAYS_SEARCH_USER_PATHS = NO;
				CLANG_ANALYZER_NONNULL = YES;
				CLANG_ANALYZER_NUMBER_OBJECT_CONVERSION = YES_AGGRESSIVE;
				CLANG_CXX_LANGUAGE_STANDARD = "gnu++20";
				CLANG_ENABLE_MODULES = YES;
				CLANG_ENABLE_OBJC_ARC = YES;
				CLANG_ENABLE_OBJC_WEAK = YES;
				CLANG_WARN_BLOCK_CAPTURE_AUTORELEASING = YES;
				CLANG_WARN_BOOL_CONVERSION = YES;
				CLANG_WARN_COMMA = YES;
				CLANG_WARN_CONSTANT_CONVERSION = YES;
				CLANG_WARN_DEPRECATED_OBJC_IMPLEMENTATIONS = YES;
				CLANG_WARN_DIRECT_OBJC_ISA_USAGE = YES_ERROR;
				CLANG_WARN_DOCUMENTATION_COMMENTS = YES;
				CLANG_WARN_EMPTY_BODY = YES;
				CLANG_WARN_ENUM_CONVERSION = YES;
				CLANG_WARN_INFINITE_RECURSION = YES;
				CLANG_WARN_INT_CONVERSION = YES;
				CLANG_WARN_NON_LITERAL_NULL_CONVERSION = YES;
				CLANG_WARN_OBJC_IMPLICIT_RETAIN_SELF = YES;
				CLANG_WARN_OBJC_LITERAL_CONVERSION = YES;
				CLANG_WARN_OBJC_ROOT_CLASS = YES_ERROR;
				CLANG_WARN_QUOTED_INCLUDE_IN_FRAMEWORK_HEADER = YES;
				CLANG_WARN_RANGE_LOOP_ANALYSIS = YES;
				CLANG_WARN_STRICT_PROTOTYPES = YES;
				CLANG_WARN_SUSPICIOUS_MOVE = YES;
				CLANG_WARN_UNGUARDED_AVAILABILITY = YES_AGGRESSIVE;
				CLANG_WARN_UNREACHABLE_CODE = YES;
				CLANG_WARN__DUPLICATE_METHOD_MATCH = YES;
				COPY_PHASE_STRIP = NO;
				DEBUG_INFORMATION_FORMAT = dwarf;
				ENABLE_STRICT_OBJC_MSGSEND = YES;
				ENABLE_TESTABILITY = YES;
				GCC_C_LANGUAGE_STANDARD = gnu11;
				GCC_DYNAMIC_NO_PIC = NO;
				GCC_NO_COMMON_BLOCKS = YES;
				GCC_OPTIMIZATION_LEVEL = 0;
				GCC_PREPROCESSOR_DEFINITIONS = (
					"DEBUG=1",
					"$(inherited)",
				);
				GCC_WARN_64_TO_32_BIT_CONVERSION = YES;
				GCC_WARN_ABOUT_RETURN_TYPE = YES_ERROR;
				GCC_WARN_UNDECLARED_SELECTOR = YES;
				GCC_WARN_UNINITIALIZED_AUTOS = YES_AGGRESSIVE;
				GCC_WARN_UNUSED_FUNCTION = YES;
				GCC_WARN_UNUSED_VARIABLE = YES;
				IPHONEOS_DEPLOYMENT_TARGET = 13.0;
				MTL_ENABLE_DEBUG_INFO = INCLUDE_SOURCE;
				MTL_FAST_MATH = YES;
				ONLY_ACTIVE_ARCH = YES;
				SDKROOT = iphoneos;
				SWIFT_ACTIVE_COMPILATION_CONDITIONS = DEBUG;
				SWIFT_OPTIMIZATION_LEVEL = "-Onone";
			};
			name = Debug;
		};
		3CFDB7E72AA5C8A100203B63 /* Release */ = {
			isa = XCBuildConfiguration;
			buildSettings = {
				ALWAYS_SEARCH_USER_PATHS = NO;
				CLANG_ANALYZER_NONNULL = YES;
				CLANG_ANALYZER_NUMBER_OBJECT_CONVERSION = YES_AGGRESSIVE;
				CLANG_CXX_LANGUAGE_STANDARD = "gnu++20";
				CLANG_ENABLE_MODULES = YES;
				CLANG_ENABLE_OBJC_ARC = YES;
				CLANG_ENABLE_OBJC_WEAK = YES;
				CLANG_WARN_BLOCK_CAPTURE_AUTORELEASING = YES;
				CLANG_WARN_BOOL_CONVERSION = YES;
				CLANG_WARN_COMMA = YES;
				CLANG_WARN_CONSTANT_CONVERSION = YES;
				CLANG_WARN_DEPRECATED_OBJC_IMPLEMENTATIONS = YES;
				CLANG_WARN_DIRECT_OBJC_ISA_USAGE = YES_ERROR;
				CLANG_WARN_DOCUMENTATION_COMMENTS = YES;
				CLANG_WARN_EMPTY_BODY = YES;
				CLANG_WARN_ENUM_CONVERSION = YES;
				CLANG_WARN_INFINITE_RECURSION = YES;
				CLANG_WARN_INT_CONVERSION = YES;
				CLANG_WARN_NON_LITERAL_NULL_CONVERSION = YES;
				CLANG_WARN_OBJC_IMPLICIT_RETAIN_SELF = YES;
				CLANG_WARN_OBJC_LITERAL_CONVERSION = YES;
				CLANG_WARN_OBJC_ROOT_CLASS = YES_ERROR;
				CLANG_WARN_QUOTED_INCLUDE_IN_FRAMEWORK_HEADER = YES;
				CLANG_WARN_RANGE_LOOP_ANALYSIS = YES;
				CLANG_WARN_STRICT_PROTOTYPES = YES;
				CLANG_WARN_SUSPICIOUS_MOVE = YES;
				CLANG_WARN_UNGUARDED_AVAILABILITY = YES_AGGRESSIVE;
				CLANG_WARN_UNREACHABLE_CODE = YES;
				CLANG_WARN__DUPLICATE_METHOD_MATCH = YES;
				COPY_PHASE_STRIP = NO;
				DEBUG_INFORMATION_FORMAT = "dwarf-with-dsym";
				ENABLE_NS_ASSERTIONS = NO;
				ENABLE_STRICT_OBJC_MSGSEND = YES;
				GCC_C_LANGUAGE_STANDARD = gnu11;
				GCC_NO_COMMON_BLOCKS = YES;
				GCC_WARN_64_TO_32_BIT_CONVERSION = YES;
				GCC_WARN_ABOUT_RETURN_TYPE = YES_ERROR;
				GCC_WARN_UNDECLARED_SELECTOR = YES;
				GCC_WARN_UNINITIALIZED_AUTOS = YES_AGGRESSIVE;
				GCC_WARN_UNUSED_FUNCTION = YES;
				GCC_WARN_UNUSED_VARIABLE = YES;
				IPHONEOS_DEPLOYMENT_TARGET = 13.0;
				MTL_ENABLE_DEBUG_INFO = NO;
				MTL_FAST_MATH = YES;
				SDKROOT = iphoneos;
				SWIFT_COMPILATION_MODE = wholemodule;
				SWIFT_OPTIMIZATION_LEVEL = "-O";
				VALIDATE_PRODUCT = YES;
			};
			name = Release;
		};
		3CFDB7E92AA5C8A100203B63 /* Debug */ = {
			isa = XCBuildConfiguration;
			baseConfigurationReference = 99ADD2F15F918B13789BCB41 /* Pods-VideoSubtittle.debug.xcconfig */;
			buildSettings = {
				ASSETCATALOG_COMPILER_APPICON_NAME = AppIcon;
				ASSETCATALOG_COMPILER_GLOBAL_ACCENT_COLOR_NAME = AccentColor;
				CODE_SIGN_STYLE = Automatic;
				CURRENT_PROJECT_VERSION = 1;
				DEVELOPMENT_TEAM = 3X2GRWBCFP;
				GENERATE_INFOPLIST_FILE = YES;
				INFOPLIST_FILE = VideoSubtittle/Info.plist;
				INFOPLIST_KEY_UIApplicationSupportsIndirectInputEvents = YES;
				INFOPLIST_KEY_UILaunchStoryboardName = LaunchScreen;
				INFOPLIST_KEY_UIMainStoryboardFile = "";
				INFOPLIST_KEY_UISupportedInterfaceOrientations_iPad = "UIInterfaceOrientationPortrait UIInterfaceOrientationPortraitUpsideDown UIInterfaceOrientationLandscapeLeft UIInterfaceOrientationLandscapeRight";
				INFOPLIST_KEY_UISupportedInterfaceOrientations_iPhone = "UIInterfaceOrientationPortrait UIInterfaceOrientationLandscapeLeft UIInterfaceOrientationLandscapeRight";
				LD_RUNPATH_SEARCH_PATHS = (
					"$(inherited)",
					"@executable_path/Frameworks",
				);
				MARKETING_VERSION = 1.0;
				PRODUCT_BUNDLE_IDENTIFIER = kane.VideoSubtittle;
				PRODUCT_NAME = "$(TARGET_NAME)";
				SWIFT_EMIT_LOC_STRINGS = YES;
				SWIFT_VERSION = 5.0;
				TARGETED_DEVICE_FAMILY = "1,2";
			};
			name = Debug;
		};
		3CFDB7EA2AA5C8A100203B63 /* Release */ = {
			isa = XCBuildConfiguration;
			baseConfigurationReference = 01645D650499884811F2BED1 /* Pods-VideoSubtittle.release.xcconfig */;
			buildSettings = {
				ASSETCATALOG_COMPILER_APPICON_NAME = AppIcon;
				ASSETCATALOG_COMPILER_GLOBAL_ACCENT_COLOR_NAME = AccentColor;
				CODE_SIGN_STYLE = Automatic;
				CURRENT_PROJECT_VERSION = 1;
				DEVELOPMENT_TEAM = 3X2GRWBCFP;
				GENERATE_INFOPLIST_FILE = YES;
				INFOPLIST_FILE = VideoSubtittle/Info.plist;
				INFOPLIST_KEY_UIApplicationSupportsIndirectInputEvents = YES;
				INFOPLIST_KEY_UILaunchStoryboardName = LaunchScreen;
				INFOPLIST_KEY_UIMainStoryboardFile = "";
				INFOPLIST_KEY_UISupportedInterfaceOrientations_iPad = "UIInterfaceOrientationPortrait UIInterfaceOrientationPortraitUpsideDown UIInterfaceOrientationLandscapeLeft UIInterfaceOrientationLandscapeRight";
				INFOPLIST_KEY_UISupportedInterfaceOrientations_iPhone = "UIInterfaceOrientationPortrait UIInterfaceOrientationLandscapeLeft UIInterfaceOrientationLandscapeRight";
				LD_RUNPATH_SEARCH_PATHS = (
					"$(inherited)",
					"@executable_path/Frameworks",
				);
				MARKETING_VERSION = 1.0;
				PRODUCT_BUNDLE_IDENTIFIER = kane.VideoSubtittle;
				PRODUCT_NAME = "$(TARGET_NAME)";
				SWIFT_EMIT_LOC_STRINGS = YES;
				SWIFT_VERSION = 5.0;
				TARGETED_DEVICE_FAMILY = "1,2";
			};
			name = Release;
		};
/* End XCBuildConfiguration section */

/* Begin XCConfigurationList section */
		3CFDB7CF2AA5C89F00203B63 /* Build configuration list for PBXProject "VideoSubtittle" */ = {
			isa = XCConfigurationList;
			buildConfigurations = (
				3CFDB7E62AA5C8A100203B63 /* Debug */,
				3CFDB7E72AA5C8A100203B63 /* Release */,
			);
			defaultConfigurationIsVisible = 0;
			defaultConfigurationName = Release;
		};
		3CFDB7E82AA5C8A100203B63 /* Build configuration list for PBXNativeTarget "VideoSubtittle" */ = {
			isa = XCConfigurationList;
			buildConfigurations = (
				3CFDB7E92AA5C8A100203B63 /* Debug */,
				3CFDB7EA2AA5C8A100203B63 /* Release */,
			);
			defaultConfigurationIsVisible = 0;
			defaultConfigurationName = Release;
		};
/* End XCConfigurationList section */
	};
	rootObject = 3CFDB7CC2AA5C89F00203B63 /* Project object */;
}
